
Microsoft Visual Studio Solution File, Format Version 12.00
# Visual Studio Version 17
VisualStudioVersion = 17.2.32519.379
MinimumVisualStudioVersion = 10.0.40219.1
Project("{FAE04EC0-301F-11D3-BF4B-00C04F79EFBC}") = "DiscordBot", "DiscordBot\DiscordBot.csproj", "{5EC2F326-1433-4118-8023-4614A45A98D0}"
EndProject
Global
	GlobalSection(SolutionConfigurationPlatforms) = preSolution
		Debug|Any CPU = Debug|Any CPU
		Release|Any CPU = Release|Any CPU
	EndGlobalSection
	GlobalSection(ProjectConfigurationPlatforms) = postSolution
		{5EC2F326-1433-4118-8023-4614A45A98D0}.Debug|Any CPU.ActiveCfg = Debug|Any CPU
		{5EC2F326-1433-4118-8023-4614A45A98D0}.Debug|Any CPU.Build.0 = Debug|Any CPU
		{5EC2F326-1433-4118-8023-4614A45A98D0}.Release|Any CPU.ActiveCfg = Release|Any CPU
		{5EC2F326-1433-4118-8023-4614A45A98D0}.Release|Any CPU.Build.0 = Release|Any CPU
	EndGlobalSection
	GlobalSection(SolutionProperties) = preSolution
		HideSolutionNode = FALSE
	EndGlobalSection
	GlobalSection(ExtensibilityGlobals) = postSolution
		SolutionGuid = {D47AFFC3-AEE8-4585-A6C2-BC56AC43453D}
	EndGlobalSection
EndGlobal
